
Microsoft Visual Studio Solution File, Format Version 12.00
# Visual Studio Version 17
VisualStudioVersion = 17.0.32126.317
MinimumVisualStudioVersion = 10.0.40219.1
Project("{FAE04EC0-301F-11D3-BF4B-00C04F79EFBC}") = "Shmonder.Web", "Shmonder.Web\Shmonder.Web.csproj", "{61F183C7-8148-4823-A8BC-CE2C5E8C9E70}"
EndProject
Global
	GlobalSection(SolutionConfigurationPlatforms) = preSolution
		Debug|Any CPU = Debug|Any CPU
		Release|Any CPU = Release|Any CPU
	EndGlobalSection
	GlobalSection(ProjectConfigurationPlatforms) = postSolution
		{61F183C7-8148-4823-A8BC-CE2C5E8C9E70}.Debug|Any CPU.ActiveCfg = Debug|Any CPU
		{61F183C7-8148-4823-A8BC-CE2C5E8C9E70}.Debug|Any CPU.Build.0 = Debug|Any CPU
		{61F183C7-8148-4823-A8BC-CE2C5E8C9E70}.Release|Any CPU.ActiveCfg = Release|Any CPU
		{61F183C7-8148-4823-A8BC-CE2C5E8C9E70}.Release|Any CPU.Build.0 = Release|Any CPU
	EndGlobalSection
	GlobalSection(SolutionProperties) = preSolution
		HideSolutionNode = FALSE
	EndGlobalSection
	GlobalSection(ExtensibilityGlobals) = postSolution
		SolutionGuid = {E7938716-39E6-4B0E-95DC-85D2D9EBBE3D}
	EndGlobalSection
EndGlobal
